// !$*UTF8*$!
{
	archiveVersion = 1;
	classes = {
	};
	objectVersion = 51;
	objects = {

/* Begin PBXAggregateTarget section */
		2407DFA326531062002B070F /* AEPPlacesXCF */ = {
			isa = PBXAggregateTarget;
			buildConfigurationList = 2407DFA426531062002B070F /* Build configuration list for PBXAggregateTarget "AEPPlacesXCF" */;
			buildPhases = (
			);
			dependencies = (
				2407DFAD26531069002B070F /* PBXTargetDependency */,
			);
			name = AEPPlacesXCF;
			productName = AEPPlacesXCF;
		};
/* End PBXAggregateTarget section */

/* Begin PBXBuildFile section */
		09F3D002F490B5D55CCF0DA7 /* Pods_AEPPlaces.framework in Frameworks */ = {isa = PBXBuildFile; fileRef = 0B564B4991C7921C27904C90 /* Pods_AEPPlaces.framework */; };
		2407DF50264C9396002B070F /* MockDataStore.swift in Sources */ = {isa = PBXBuildFile; fileRef = 2407DF4E264C9396002B070F /* MockDataStore.swift */; };
		2407DF51264C9396002B070F /* MockNetworkServiceOverrider.swift in Sources */ = {isa = PBXBuildFile; fileRef = 2407DF4F264C9396002B070F /* MockNetworkServiceOverrider.swift */; };
		2407DF5B264DC12E002B070F /* MockPlacesQueryService.swift in Sources */ = {isa = PBXBuildFile; fileRef = 2407DF5A264DC12E002B070F /* MockPlacesQueryService.swift */; };
		2407DF65264F0741002B070F /* MockExtension.swift in Sources */ = {isa = PBXBuildFile; fileRef = 2407DF64264F0741002B070F /* MockExtension.swift */; };
		243AC695262A3A37006501EC /* AEPPlaces.framework in Frameworks */ = {isa = PBXBuildFile; fileRef = 243AC68B262A3A36006501EC /* AEPPlaces.framework */; };
		243AC6C2262A3F72006501EC /* AEPPlaces.h in Headers */ = {isa = PBXBuildFile; fileRef = 243AC6C0262A3F72006501EC /* AEPPlaces.h */; settings = {ATTRIBUTES = (Public, ); }; };
		243AC6C9262A3F8B006501EC /* PlacesTests.swift in Sources */ = {isa = PBXBuildFile; fileRef = 243AC6C7262A3F8B006501EC /* PlacesTests.swift */; };
		243AC6E9262A41C0006501EC /* PlacesConfiguration.swift in Sources */ = {isa = PBXBuildFile; fileRef = 243AC6E8262A41C0006501EC /* PlacesConfiguration.swift */; };
		243AC6ED262A42E2006501EC /* PlacesConstants.swift in Sources */ = {isa = PBXBuildFile; fileRef = 243AC6EC262A42E2006501EC /* PlacesConstants.swift */; };
		243AC6F1262A42FB006501EC /* PointOfInterest.swift in Sources */ = {isa = PBXBuildFile; fileRef = 243AC6F0262A42FB006501EC /* PointOfInterest.swift */; };
		243AC6F5262A4304006501EC /* PlacesLibrary.swift in Sources */ = {isa = PBXBuildFile; fileRef = 243AC6F4262A4304006501EC /* PlacesLibrary.swift */; };
		243AC6F9262A4316006501EC /* Places+PublicApi.swift in Sources */ = {isa = PBXBuildFile; fileRef = 243AC6F8262A4316006501EC /* Places+PublicApi.swift */; };
		243AC6FD262A431E006501EC /* Places.swift in Sources */ = {isa = PBXBuildFile; fileRef = 243AC6FC262A431E006501EC /* Places.swift */; };
		243AC701262A432B006501EC /* PlacesQueryService.swift in Sources */ = {isa = PBXBuildFile; fileRef = 243AC700262A432B006501EC /* PlacesQueryService.swift */; };
		243AC705262A4338006501EC /* Event+Places.swift in Sources */ = {isa = PBXBuildFile; fileRef = 243AC704262A4338006501EC /* Event+Places.swift */; };
		243AC709262A4345006501EC /* PlacesRegionEvent.swift in Sources */ = {isa = PBXBuildFile; fileRef = 243AC708262A4345006501EC /* PlacesRegionEvent.swift */; };
		243AC70D262A4355006501EC /* Places+State.swift in Sources */ = {isa = PBXBuildFile; fileRef = 243AC70C262A4355006501EC /* Places+State.swift */; };
		243AC715262A44EA006501EC /* Event+PlacesTests.swift in Sources */ = {isa = PBXBuildFile; fileRef = 243AC714262A44EA006501EC /* Event+PlacesTests.swift */; };
		243AC720262A44F9006501EC /* PlacesConfigurationTests.swift in Sources */ = {isa = PBXBuildFile; fileRef = 243AC71F262A44F9006501EC /* PlacesConfigurationTests.swift */; };
		243AC724262A450D006501EC /* PointOfInterestTests.swift in Sources */ = {isa = PBXBuildFile; fileRef = 243AC723262A450D006501EC /* PointOfInterestTests.swift */; };
		243AC728262A4522006501EC /* PlacesLibraryTests.swift in Sources */ = {isa = PBXBuildFile; fileRef = 243AC727262A4522006501EC /* PlacesLibraryTests.swift */; };
		243AC72C262A453D006501EC /* Places+PublicApiTests.swift in Sources */ = {isa = PBXBuildFile; fileRef = 243AC72B262A453D006501EC /* Places+PublicApiTests.swift */; };
		243AC732262A4553006501EC /* PlacesQueryServiceTests.swift in Sources */ = {isa = PBXBuildFile; fileRef = 243AC731262A4553006501EC /* PlacesQueryServiceTests.swift */; };
		243AC736262A4564006501EC /* PlacesRegionEventTests.swift in Sources */ = {isa = PBXBuildFile; fileRef = 243AC735262A4564006501EC /* PlacesRegionEventTests.swift */; };
		243AC73A262A4578006501EC /* Places+StateTests.swift in Sources */ = {isa = PBXBuildFile; fileRef = 243AC739262A4578006501EC /* Places+StateTests.swift */; };
		243AC74F2633462B006501EC /* PlacesQueryServiceResult.swift in Sources */ = {isa = PBXBuildFile; fileRef = 243AC74E2633462A006501EC /* PlacesQueryServiceResult.swift */; };
		243AC75526334991006501EC /* PlacesQueryResponseCode.swift in Sources */ = {isa = PBXBuildFile; fileRef = 243AC75426334991006501EC /* PlacesQueryResponseCode.swift */; };
		243AC75B2633774F006501EC /* PlacesQueryResponseCodeTests.swift in Sources */ = {isa = PBXBuildFile; fileRef = 243AC75A2633774E006501EC /* PlacesQueryResponseCodeTests.swift */; };
		243AC75F26337774006501EC /* PlacesQueryServiceResultTests.swift in Sources */ = {isa = PBXBuildFile; fileRef = 243AC75E26337774006501EC /* PlacesQueryServiceResultTests.swift */; };
		243AC76826371C9E006501EC /* TestableExtensionRuntime.swift in Sources */ = {isa = PBXBuildFile; fileRef = 243AC76726371C9E006501EC /* TestableExtensionRuntime.swift */; };
		243AC78326371E6C006501EC /* TestableNetworkService.swift in Sources */ = {isa = PBXBuildFile; fileRef = 243AC78226371E6C006501EC /* TestableNetworkService.swift */; };
		243AC79526372BC4006501EC /* onePoiUserWithin.json in Resources */ = {isa = PBXBuildFile; fileRef = 243AC78D26372BC4006501EC /* onePoiUserWithin.json */; };
		243AC79626372BC4006501EC /* twoPoiNearby.json in Resources */ = {isa = PBXBuildFile; fileRef = 243AC78E26372BC4006501EC /* twoPoiNearby.json */; };
		243AC79726372BC4006501EC /* noNearbyPoiInJson.json in Resources */ = {isa = PBXBuildFile; fileRef = 243AC78F26372BC4006501EC /* noNearbyPoiInJson.json */; };
		243AC79826372BC4006501EC /* onePoiNearby.json in Resources */ = {isa = PBXBuildFile; fileRef = 243AC79026372BC4006501EC /* onePoiNearby.json */; };
		243AC79926372BC4006501EC /* noUserWithinPoiInJson.json in Resources */ = {isa = PBXBuildFile; fileRef = 243AC79126372BC4006501EC /* noUserWithinPoiInJson.json */; };
		243AC79A26372BC4006501EC /* onePoiUserWithinOneNearby.json in Resources */ = {isa = PBXBuildFile; fileRef = 243AC79226372BC4006501EC /* onePoiUserWithinOneNearby.json */; };
		243AC79B26372BC4006501EC /* noPlaces.json in Resources */ = {isa = PBXBuildFile; fileRef = 243AC79326372BC4006501EC /* noPlaces.json */; };
		243AC79C26372BC4006501EC /* twoPoiUserWithin.json in Resources */ = {isa = PBXBuildFile; fileRef = 243AC79426372BC4006501EC /* twoPoiUserWithin.json */; };
		243AC7A426375EE7006501EC /* badJson.json in Resources */ = {isa = PBXBuildFile; fileRef = 243AC7A326375EE7006501EC /* badJson.json */; };
		243AC7AC263885CD006501EC /* SharedStateResult+Places.swift in Sources */ = {isa = PBXBuildFile; fileRef = 243AC7AB263885CC006501EC /* SharedStateResult+Places.swift */; };
		243AC7B026389870006501EC /* SharedStateResult+PlacesTests.swift in Sources */ = {isa = PBXBuildFile; fileRef = 243AC7AF2638986F006501EC /* SharedStateResult+PlacesTests.swift */; };
		243AC7B42638D53D006501EC /* CLAuthorizationStatus+Places.swift in Sources */ = {isa = PBXBuildFile; fileRef = 243AC7B32638D53D006501EC /* CLAuthorizationStatus+Places.swift */; };
		243AC7BA263B16F3006501EC /* NamedCollectionDataStore+Places.swift in Sources */ = {isa = PBXBuildFile; fileRef = 243AC7B9263B16F3006501EC /* NamedCollectionDataStore+Places.swift */; };
		243AC7C0263B656B006501EC /* CLAuthorizationStatus+PlacesTests.swift in Sources */ = {isa = PBXBuildFile; fileRef = 243AC7BF263B656A006501EC /* CLAuthorizationStatus+PlacesTests.swift */; };
		243AC7C4263B65DD006501EC /* NamedCollectionDataStore+PlacesTests.swift in Sources */ = {isa = PBXBuildFile; fileRef = 243AC7C3263B65DD006501EC /* NamedCollectionDataStore+PlacesTests.swift */; };
		243DB0E9263CC4C100EF7956 /* AppDelegate.swift in Sources */ = {isa = PBXBuildFile; fileRef = 243DB0E8263CC4C100EF7956 /* AppDelegate.swift */; };
		243DB0EB263CC4C100EF7956 /* SceneDelegate.swift in Sources */ = {isa = PBXBuildFile; fileRef = 243DB0EA263CC4C100EF7956 /* SceneDelegate.swift */; };
		243DB0ED263CC4C100EF7956 /* ViewController.swift in Sources */ = {isa = PBXBuildFile; fileRef = 243DB0EC263CC4C100EF7956 /* ViewController.swift */; };
		243DB0F0263CC4C100EF7956 /* Main.storyboard in Resources */ = {isa = PBXBuildFile; fileRef = 243DB0EE263CC4C100EF7956 /* Main.storyboard */; };
		243DB0F2263CC4C500EF7956 /* Assets.xcassets in Resources */ = {isa = PBXBuildFile; fileRef = 243DB0F1263CC4C500EF7956 /* Assets.xcassets */; };
		243DB0F5263CC4C500EF7956 /* LaunchScreen.storyboard in Resources */ = {isa = PBXBuildFile; fileRef = 243DB0F3263CC4C500EF7956 /* LaunchScreen.storyboard */; };
		243DB11E263CC78800EF7956 /* AEPPlaces.framework in Frameworks */ = {isa = PBXBuildFile; fileRef = 243AC68B262A3A36006501EC /* AEPPlaces.framework */; };
		243DB13326447FE900EF7956 /* AdobeLehi.gpx in Resources */ = {isa = PBXBuildFile; fileRef = 243DB13126447FE800EF7956 /* AdobeLehi.gpx */; };
		243DB13426447FE900EF7956 /* AdobeSanJose.gpx in Resources */ = {isa = PBXBuildFile; fileRef = 243DB13226447FE800EF7956 /* AdobeSanJose.gpx */; };
		243DB1622649930900EF7956 /* AppDelegate.m in Sources */ = {isa = PBXBuildFile; fileRef = 243DB1612649930900EF7956 /* AppDelegate.m */; };
		243DB1652649930900EF7956 /* SceneDelegate.m in Sources */ = {isa = PBXBuildFile; fileRef = 243DB1642649930900EF7956 /* SceneDelegate.m */; };
		243DB1682649930900EF7956 /* ViewController.m in Sources */ = {isa = PBXBuildFile; fileRef = 243DB1672649930900EF7956 /* ViewController.m */; };
		243DB16B2649930900EF7956 /* Main.storyboard in Resources */ = {isa = PBXBuildFile; fileRef = 243DB1692649930900EF7956 /* Main.storyboard */; };
		243DB16D2649930D00EF7956 /* Assets.xcassets in Resources */ = {isa = PBXBuildFile; fileRef = 243DB16C2649930D00EF7956 /* Assets.xcassets */; };
		243DB1702649930D00EF7956 /* LaunchScreen.storyboard in Resources */ = {isa = PBXBuildFile; fileRef = 243DB16E2649930D00EF7956 /* LaunchScreen.storyboard */; };
		243DB1732649930D00EF7956 /* main.m in Sources */ = {isa = PBXBuildFile; fileRef = 243DB1722649930D00EF7956 /* main.m */; };
		24F2AED9265EACDE007C632F /* CLAccuracyAuthorization+Places.swift in Sources */ = {isa = PBXBuildFile; fileRef = 24F2AED8265EACDD007C632F /* CLAccuracyAuthorization+Places.swift */; };
		24F2AEEF265EFA10007C632F /* CLAccuracyAuthorization+PlacesTests.swift in Sources */ = {isa = PBXBuildFile; fileRef = 24F2AEEE265EFA10007C632F /* CLAccuracyAuthorization+PlacesTests.swift */; };
		96F0168F41745525FCC42141 /* Pods_AEPPlacesTests.framework in Frameworks */ = {isa = PBXBuildFile; fileRef = E23679BD14AB1EC601C35131 /* Pods_AEPPlacesTests.framework */; };
		BDAE22A98F85E0362ACD4E65 /* Pods_PlacesTestApp_objc.framework in Frameworks */ = {isa = PBXBuildFile; fileRef = CF43F7AEBCA88F7C7D5F7F13 /* Pods_PlacesTestApp_objc.framework */; };
		FC7363218D22005827E43CC5 /* Pods_PlacesTestApp.framework in Frameworks */ = {isa = PBXBuildFile; fileRef = 78DA43E9E97ADBA80419F896 /* Pods_PlacesTestApp.framework */; };
/* End PBXBuildFile section */

/* Begin PBXContainerItemProxy section */
		2407DFAC26531069002B070F /* PBXContainerItemProxy */ = {
			isa = PBXContainerItemProxy;
			containerPortal = 243AC682262A3A36006501EC /* Project object */;
			proxyType = 1;
			remoteGlobalIDString = 243AC68A262A3A36006501EC;
			remoteInfo = AEPPlaces;
		};
		243AC696262A3A37006501EC /* PBXContainerItemProxy */ = {
			isa = PBXContainerItemProxy;
			containerPortal = 243AC682262A3A36006501EC /* Project object */;
			proxyType = 1;
			remoteGlobalIDString = 243AC68A262A3A36006501EC;
			remoteInfo = AEPPlaces;
		};
		243DB11C263CC77900EF7956 /* PBXContainerItemProxy */ = {
			isa = PBXContainerItemProxy;
			containerPortal = 243AC682262A3A36006501EC /* Project object */;
			proxyType = 1;
			remoteGlobalIDString = 243AC68A262A3A36006501EC;
			remoteInfo = AEPPlaces;
		};
		243DB19326499C9200EF7956 /* PBXContainerItemProxy */ = {
			isa = PBXContainerItemProxy;
			containerPortal = 243AC682262A3A36006501EC /* Project object */;
			proxyType = 1;
			remoteGlobalIDString = 243AC68A262A3A36006501EC;
			remoteInfo = AEPPlaces;
		};
/* End PBXContainerItemProxy section */

/* Begin PBXFileReference section */
		0B564B4991C7921C27904C90 /* Pods_AEPPlaces.framework */ = {isa = PBXFileReference; explicitFileType = wrapper.framework; includeInIndex = 0; path = Pods_AEPPlaces.framework; sourceTree = BUILT_PRODUCTS_DIR; };
		0DF0DA3F1EFC247D845A0CD6 /* Pods-PlacesTestApp.release.xcconfig */ = {isa = PBXFileReference; includeInIndex = 1; lastKnownFileType = text.xcconfig; name = "Pods-PlacesTestApp.release.xcconfig"; path = "Target Support Files/Pods-PlacesTestApp/Pods-PlacesTestApp.release.xcconfig"; sourceTree = "<group>"; };
		2407DF4E264C9396002B070F /* MockDataStore.swift */ = {isa = PBXFileReference; fileEncoding = 4; lastKnownFileType = sourcecode.swift; path = MockDataStore.swift; sourceTree = "<group>"; };
		2407DF4F264C9396002B070F /* MockNetworkServiceOverrider.swift */ = {isa = PBXFileReference; fileEncoding = 4; lastKnownFileType = sourcecode.swift; path = MockNetworkServiceOverrider.swift; sourceTree = "<group>"; };
		2407DF5A264DC12E002B070F /* MockPlacesQueryService.swift */ = {isa = PBXFileReference; lastKnownFileType = sourcecode.swift; path = MockPlacesQueryService.swift; sourceTree = "<group>"; };
		2407DF64264F0741002B070F /* MockExtension.swift */ = {isa = PBXFileReference; fileEncoding = 4; lastKnownFileType = sourcecode.swift; path = MockExtension.swift; sourceTree = "<group>"; };
		243AC68B262A3A36006501EC /* AEPPlaces.framework */ = {isa = PBXFileReference; explicitFileType = wrapper.framework; includeInIndex = 0; path = AEPPlaces.framework; sourceTree = BUILT_PRODUCTS_DIR; };
		243AC694262A3A37006501EC /* AEPPlacesTests.xctest */ = {isa = PBXFileReference; explicitFileType = wrapper.cfbundle; includeInIndex = 0; path = AEPPlacesTests.xctest; sourceTree = BUILT_PRODUCTS_DIR; };
		243AC6C0262A3F72006501EC /* AEPPlaces.h */ = {isa = PBXFileReference; fileEncoding = 4; lastKnownFileType = sourcecode.c.h; path = AEPPlaces.h; sourceTree = "<group>"; };
		243AC6C7262A3F8B006501EC /* PlacesTests.swift */ = {isa = PBXFileReference; fileEncoding = 4; lastKnownFileType = sourcecode.swift; path = PlacesTests.swift; sourceTree = "<group>"; };
		243AC6E8262A41C0006501EC /* PlacesConfiguration.swift */ = {isa = PBXFileReference; lastKnownFileType = sourcecode.swift; path = PlacesConfiguration.swift; sourceTree = "<group>"; };
		243AC6EC262A42E2006501EC /* PlacesConstants.swift */ = {isa = PBXFileReference; lastKnownFileType = sourcecode.swift; path = PlacesConstants.swift; sourceTree = "<group>"; };
		243AC6F0262A42FB006501EC /* PointOfInterest.swift */ = {isa = PBXFileReference; lastKnownFileType = sourcecode.swift; path = PointOfInterest.swift; sourceTree = "<group>"; };
		243AC6F4262A4304006501EC /* PlacesLibrary.swift */ = {isa = PBXFileReference; lastKnownFileType = sourcecode.swift; path = PlacesLibrary.swift; sourceTree = "<group>"; };
		243AC6F8262A4316006501EC /* Places+PublicApi.swift */ = {isa = PBXFileReference; lastKnownFileType = sourcecode.swift; path = "Places+PublicApi.swift"; sourceTree = "<group>"; };
		243AC6FC262A431E006501EC /* Places.swift */ = {isa = PBXFileReference; lastKnownFileType = sourcecode.swift; path = Places.swift; sourceTree = "<group>"; };
		243AC700262A432B006501EC /* PlacesQueryService.swift */ = {isa = PBXFileReference; lastKnownFileType = sourcecode.swift; path = PlacesQueryService.swift; sourceTree = "<group>"; };
		243AC704262A4338006501EC /* Event+Places.swift */ = {isa = PBXFileReference; lastKnownFileType = sourcecode.swift; path = "Event+Places.swift"; sourceTree = "<group>"; };
		243AC708262A4345006501EC /* PlacesRegionEvent.swift */ = {isa = PBXFileReference; lastKnownFileType = sourcecode.swift; path = PlacesRegionEvent.swift; sourceTree = "<group>"; };
		243AC70C262A4355006501EC /* Places+State.swift */ = {isa = PBXFileReference; lastKnownFileType = sourcecode.swift; path = "Places+State.swift"; sourceTree = "<group>"; };
		243AC714262A44EA006501EC /* Event+PlacesTests.swift */ = {isa = PBXFileReference; lastKnownFileType = sourcecode.swift; path = "Event+PlacesTests.swift"; sourceTree = "<group>"; };
		243AC71F262A44F9006501EC /* PlacesConfigurationTests.swift */ = {isa = PBXFileReference; lastKnownFileType = sourcecode.swift; path = PlacesConfigurationTests.swift; sourceTree = "<group>"; };
		243AC723262A450D006501EC /* PointOfInterestTests.swift */ = {isa = PBXFileReference; lastKnownFileType = sourcecode.swift; path = PointOfInterestTests.swift; sourceTree = "<group>"; };
		243AC727262A4522006501EC /* PlacesLibraryTests.swift */ = {isa = PBXFileReference; lastKnownFileType = sourcecode.swift; path = PlacesLibraryTests.swift; sourceTree = "<group>"; };
		243AC72B262A453D006501EC /* Places+PublicApiTests.swift */ = {isa = PBXFileReference; lastKnownFileType = sourcecode.swift; path = "Places+PublicApiTests.swift"; sourceTree = "<group>"; };
		243AC731262A4553006501EC /* PlacesQueryServiceTests.swift */ = {isa = PBXFileReference; lastKnownFileType = sourcecode.swift; path = PlacesQueryServiceTests.swift; sourceTree = "<group>"; };
		243AC735262A4564006501EC /* PlacesRegionEventTests.swift */ = {isa = PBXFileReference; lastKnownFileType = sourcecode.swift; path = PlacesRegionEventTests.swift; sourceTree = "<group>"; };
		243AC739262A4578006501EC /* Places+StateTests.swift */ = {isa = PBXFileReference; lastKnownFileType = sourcecode.swift; path = "Places+StateTests.swift"; sourceTree = "<group>"; };
		243AC74E2633462A006501EC /* PlacesQueryServiceResult.swift */ = {isa = PBXFileReference; lastKnownFileType = sourcecode.swift; path = PlacesQueryServiceResult.swift; sourceTree = "<group>"; };
		243AC75426334991006501EC /* PlacesQueryResponseCode.swift */ = {isa = PBXFileReference; lastKnownFileType = sourcecode.swift; path = PlacesQueryResponseCode.swift; sourceTree = "<group>"; };
		243AC75A2633774E006501EC /* PlacesQueryResponseCodeTests.swift */ = {isa = PBXFileReference; lastKnownFileType = sourcecode.swift; path = PlacesQueryResponseCodeTests.swift; sourceTree = "<group>"; };
		243AC75E26337774006501EC /* PlacesQueryServiceResultTests.swift */ = {isa = PBXFileReference; lastKnownFileType = sourcecode.swift; path = PlacesQueryServiceResultTests.swift; sourceTree = "<group>"; };
		243AC76726371C9E006501EC /* TestableExtensionRuntime.swift */ = {isa = PBXFileReference; lastKnownFileType = sourcecode.swift; path = TestableExtensionRuntime.swift; sourceTree = "<group>"; };
		243AC78226371E6C006501EC /* TestableNetworkService.swift */ = {isa = PBXFileReference; lastKnownFileType = sourcecode.swift; path = TestableNetworkService.swift; sourceTree = "<group>"; };
		243AC78D26372BC4006501EC /* onePoiUserWithin.json */ = {isa = PBXFileReference; fileEncoding = 4; lastKnownFileType = text.json; path = onePoiUserWithin.json; sourceTree = "<group>"; };
		243AC78E26372BC4006501EC /* twoPoiNearby.json */ = {isa = PBXFileReference; fileEncoding = 4; lastKnownFileType = text.json; path = twoPoiNearby.json; sourceTree = "<group>"; };
		243AC78F26372BC4006501EC /* noNearbyPoiInJson.json */ = {isa = PBXFileReference; fileEncoding = 4; lastKnownFileType = text.json; path = noNearbyPoiInJson.json; sourceTree = "<group>"; };
		243AC79026372BC4006501EC /* onePoiNearby.json */ = {isa = PBXFileReference; fileEncoding = 4; lastKnownFileType = text.json; path = onePoiNearby.json; sourceTree = "<group>"; };
		243AC79126372BC4006501EC /* noUserWithinPoiInJson.json */ = {isa = PBXFileReference; fileEncoding = 4; lastKnownFileType = text.json; path = noUserWithinPoiInJson.json; sourceTree = "<group>"; };
		243AC79226372BC4006501EC /* onePoiUserWithinOneNearby.json */ = {isa = PBXFileReference; fileEncoding = 4; lastKnownFileType = text.json; path = onePoiUserWithinOneNearby.json; sourceTree = "<group>"; };
		243AC79326372BC4006501EC /* noPlaces.json */ = {isa = PBXFileReference; fileEncoding = 4; lastKnownFileType = text.json; path = noPlaces.json; sourceTree = "<group>"; };
		243AC79426372BC4006501EC /* twoPoiUserWithin.json */ = {isa = PBXFileReference; fileEncoding = 4; lastKnownFileType = text.json; path = twoPoiUserWithin.json; sourceTree = "<group>"; };
		243AC7A326375EE7006501EC /* badJson.json */ = {isa = PBXFileReference; fileEncoding = 4; lastKnownFileType = text.json; path = badJson.json; sourceTree = "<group>"; };
		243AC7AB263885CC006501EC /* SharedStateResult+Places.swift */ = {isa = PBXFileReference; lastKnownFileType = sourcecode.swift; path = "SharedStateResult+Places.swift"; sourceTree = "<group>"; };
		243AC7AF2638986F006501EC /* SharedStateResult+PlacesTests.swift */ = {isa = PBXFileReference; lastKnownFileType = sourcecode.swift; path = "SharedStateResult+PlacesTests.swift"; sourceTree = "<group>"; };
		243AC7B32638D53D006501EC /* CLAuthorizationStatus+Places.swift */ = {isa = PBXFileReference; lastKnownFileType = sourcecode.swift; path = "CLAuthorizationStatus+Places.swift"; sourceTree = "<group>"; };
		243AC7B9263B16F3006501EC /* NamedCollectionDataStore+Places.swift */ = {isa = PBXFileReference; lastKnownFileType = sourcecode.swift; path = "NamedCollectionDataStore+Places.swift"; sourceTree = "<group>"; };
		243AC7BF263B656A006501EC /* CLAuthorizationStatus+PlacesTests.swift */ = {isa = PBXFileReference; lastKnownFileType = sourcecode.swift; path = "CLAuthorizationStatus+PlacesTests.swift"; sourceTree = "<group>"; };
		243AC7C3263B65DD006501EC /* NamedCollectionDataStore+PlacesTests.swift */ = {isa = PBXFileReference; lastKnownFileType = sourcecode.swift; path = "NamedCollectionDataStore+PlacesTests.swift"; sourceTree = "<group>"; };
		243DB0E6263CC4C100EF7956 /* PlacesTestApp.app */ = {isa = PBXFileReference; explicitFileType = wrapper.application; includeInIndex = 0; path = PlacesTestApp.app; sourceTree = BUILT_PRODUCTS_DIR; };
		243DB0E8263CC4C100EF7956 /* AppDelegate.swift */ = {isa = PBXFileReference; lastKnownFileType = sourcecode.swift; path = AppDelegate.swift; sourceTree = "<group>"; };
		243DB0EA263CC4C100EF7956 /* SceneDelegate.swift */ = {isa = PBXFileReference; lastKnownFileType = sourcecode.swift; path = SceneDelegate.swift; sourceTree = "<group>"; };
		243DB0EC263CC4C100EF7956 /* ViewController.swift */ = {isa = PBXFileReference; lastKnownFileType = sourcecode.swift; path = ViewController.swift; sourceTree = "<group>"; };
		243DB0EF263CC4C100EF7956 /* Base */ = {isa = PBXFileReference; lastKnownFileType = file.storyboard; name = Base; path = Base.lproj/Main.storyboard; sourceTree = "<group>"; };
		243DB0F1263CC4C500EF7956 /* Assets.xcassets */ = {isa = PBXFileReference; lastKnownFileType = folder.assetcatalog; path = Assets.xcassets; sourceTree = "<group>"; };
		243DB0F4263CC4C500EF7956 /* Base */ = {isa = PBXFileReference; lastKnownFileType = file.storyboard; name = Base; path = Base.lproj/LaunchScreen.storyboard; sourceTree = "<group>"; };
		243DB0F6263CC4C500EF7956 /* Info.plist */ = {isa = PBXFileReference; lastKnownFileType = text.plist.xml; path = Info.plist; sourceTree = "<group>"; };
		243DB13126447FE800EF7956 /* AdobeLehi.gpx */ = {isa = PBXFileReference; fileEncoding = 4; lastKnownFileType = text.xml; path = AdobeLehi.gpx; sourceTree = "<group>"; };
		243DB13226447FE800EF7956 /* AdobeSanJose.gpx */ = {isa = PBXFileReference; fileEncoding = 4; lastKnownFileType = text.xml; path = AdobeSanJose.gpx; sourceTree = "<group>"; };
		243DB15E2649930900EF7956 /* PlacesTestApp_objc.app */ = {isa = PBXFileReference; explicitFileType = wrapper.application; includeInIndex = 0; path = PlacesTestApp_objc.app; sourceTree = BUILT_PRODUCTS_DIR; };
		243DB1602649930900EF7956 /* AppDelegate.h */ = {isa = PBXFileReference; lastKnownFileType = sourcecode.c.h; path = AppDelegate.h; sourceTree = "<group>"; };
		243DB1612649930900EF7956 /* AppDelegate.m */ = {isa = PBXFileReference; lastKnownFileType = sourcecode.c.objc; path = AppDelegate.m; sourceTree = "<group>"; };
		243DB1632649930900EF7956 /* SceneDelegate.h */ = {isa = PBXFileReference; lastKnownFileType = sourcecode.c.h; path = SceneDelegate.h; sourceTree = "<group>"; };
		243DB1642649930900EF7956 /* SceneDelegate.m */ = {isa = PBXFileReference; lastKnownFileType = sourcecode.c.objc; path = SceneDelegate.m; sourceTree = "<group>"; };
		243DB1662649930900EF7956 /* ViewController.h */ = {isa = PBXFileReference; lastKnownFileType = sourcecode.c.h; path = ViewController.h; sourceTree = "<group>"; };
		243DB1672649930900EF7956 /* ViewController.m */ = {isa = PBXFileReference; lastKnownFileType = sourcecode.c.objc; path = ViewController.m; sourceTree = "<group>"; };
		243DB16A2649930900EF7956 /* Base */ = {isa = PBXFileReference; lastKnownFileType = file.storyboard; name = Base; path = Base.lproj/Main.storyboard; sourceTree = "<group>"; };
		243DB16C2649930D00EF7956 /* Assets.xcassets */ = {isa = PBXFileReference; lastKnownFileType = folder.assetcatalog; path = Assets.xcassets; sourceTree = "<group>"; };
		243DB16F2649930D00EF7956 /* Base */ = {isa = PBXFileReference; lastKnownFileType = file.storyboard; name = Base; path = Base.lproj/LaunchScreen.storyboard; sourceTree = "<group>"; };
		243DB1712649930D00EF7956 /* Info.plist */ = {isa = PBXFileReference; lastKnownFileType = text.plist.xml; path = Info.plist; sourceTree = "<group>"; };
		243DB1722649930D00EF7956 /* main.m */ = {isa = PBXFileReference; lastKnownFileType = sourcecode.c.objc; path = main.m; sourceTree = "<group>"; };
		24F2AED8265EACDD007C632F /* CLAccuracyAuthorization+Places.swift */ = {isa = PBXFileReference; lastKnownFileType = sourcecode.swift; path = "CLAccuracyAuthorization+Places.swift"; sourceTree = "<group>"; };
		24F2AEEE265EFA10007C632F /* CLAccuracyAuthorization+PlacesTests.swift */ = {isa = PBXFileReference; lastKnownFileType = sourcecode.swift; path = "CLAccuracyAuthorization+PlacesTests.swift"; sourceTree = "<group>"; };
		30BB65E08B61F324815FE3CB /* Pods-AEPPlacesTests.debug.xcconfig */ = {isa = PBXFileReference; includeInIndex = 1; lastKnownFileType = text.xcconfig; name = "Pods-AEPPlacesTests.debug.xcconfig"; path = "Target Support Files/Pods-AEPPlacesTests/Pods-AEPPlacesTests.debug.xcconfig"; sourceTree = "<group>"; };
		4DDA71EA0D7698085205ABC0 /* Pods-PlacesTestApp_objc.release.xcconfig */ = {isa = PBXFileReference; includeInIndex = 1; lastKnownFileType = text.xcconfig; name = "Pods-PlacesTestApp_objc.release.xcconfig"; path = "Target Support Files/Pods-PlacesTestApp_objc/Pods-PlacesTestApp_objc.release.xcconfig"; sourceTree = "<group>"; };
		6B49742CE92BC0602C8E1C39 /* Pods-AEPPlaces.release.xcconfig */ = {isa = PBXFileReference; includeInIndex = 1; lastKnownFileType = text.xcconfig; name = "Pods-AEPPlaces.release.xcconfig"; path = "Target Support Files/Pods-AEPPlaces/Pods-AEPPlaces.release.xcconfig"; sourceTree = "<group>"; };
		78DA43E9E97ADBA80419F896 /* Pods_PlacesTestApp.framework */ = {isa = PBXFileReference; explicitFileType = wrapper.framework; includeInIndex = 0; path = Pods_PlacesTestApp.framework; sourceTree = BUILT_PRODUCTS_DIR; };
		7EA8C982DA1B97E2E93F8C3F /* Pods-PlacesTestApp_objc.debug.xcconfig */ = {isa = PBXFileReference; includeInIndex = 1; lastKnownFileType = text.xcconfig; name = "Pods-PlacesTestApp_objc.debug.xcconfig"; path = "Target Support Files/Pods-PlacesTestApp_objc/Pods-PlacesTestApp_objc.debug.xcconfig"; sourceTree = "<group>"; };
		B502F6DDDF502986565AC301 /* Pods-PlacesTestApp.debug.xcconfig */ = {isa = PBXFileReference; includeInIndex = 1; lastKnownFileType = text.xcconfig; name = "Pods-PlacesTestApp.debug.xcconfig"; path = "Target Support Files/Pods-PlacesTestApp/Pods-PlacesTestApp.debug.xcconfig"; sourceTree = "<group>"; };
		CF43F7AEBCA88F7C7D5F7F13 /* Pods_PlacesTestApp_objc.framework */ = {isa = PBXFileReference; explicitFileType = wrapper.framework; includeInIndex = 0; path = Pods_PlacesTestApp_objc.framework; sourceTree = BUILT_PRODUCTS_DIR; };
		E23679BD14AB1EC601C35131 /* Pods_AEPPlacesTests.framework */ = {isa = PBXFileReference; explicitFileType = wrapper.framework; includeInIndex = 0; path = Pods_AEPPlacesTests.framework; sourceTree = BUILT_PRODUCTS_DIR; };
		EB545F55501D04EF2DC63AED /* Pods-AEPPlacesTests.release.xcconfig */ = {isa = PBXFileReference; includeInIndex = 1; lastKnownFileType = text.xcconfig; name = "Pods-AEPPlacesTests.release.xcconfig"; path = "Target Support Files/Pods-AEPPlacesTests/Pods-AEPPlacesTests.release.xcconfig"; sourceTree = "<group>"; };
		F3992AC0FCB3C573B131885F /* Pods-AEPPlaces.debug.xcconfig */ = {isa = PBXFileReference; includeInIndex = 1; lastKnownFileType = text.xcconfig; name = "Pods-AEPPlaces.debug.xcconfig"; path = "Target Support Files/Pods-AEPPlaces/Pods-AEPPlaces.debug.xcconfig"; sourceTree = "<group>"; };
/* End PBXFileReference section */

/* Begin PBXFrameworksBuildPhase section */
		243AC688262A3A36006501EC /* Frameworks */ = {
			isa = PBXFrameworksBuildPhase;
			buildActionMask = 2147483647;
			files = (
				09F3D002F490B5D55CCF0DA7 /* Pods_AEPPlaces.framework in Frameworks */,
			);
			runOnlyForDeploymentPostprocessing = 0;
		};
		243AC691262A3A37006501EC /* Frameworks */ = {
			isa = PBXFrameworksBuildPhase;
			buildActionMask = 2147483647;
			files = (
				243AC695262A3A37006501EC /* AEPPlaces.framework in Frameworks */,
				96F0168F41745525FCC42141 /* Pods_AEPPlacesTests.framework in Frameworks */,
			);
			runOnlyForDeploymentPostprocessing = 0;
		};
		243DB0E3263CC4C100EF7956 /* Frameworks */ = {
			isa = PBXFrameworksBuildPhase;
			buildActionMask = 2147483647;
			files = (
				243DB11E263CC78800EF7956 /* AEPPlaces.framework in Frameworks */,
				FC7363218D22005827E43CC5 /* Pods_PlacesTestApp.framework in Frameworks */,
			);
			runOnlyForDeploymentPostprocessing = 0;
		};
		243DB15B2649930900EF7956 /* Frameworks */ = {
			isa = PBXFrameworksBuildPhase;
			buildActionMask = 2147483647;
			files = (
				BDAE22A98F85E0362ACD4E65 /* Pods_PlacesTestApp_objc.framework in Frameworks */,
			);
			runOnlyForDeploymentPostprocessing = 0;
		};
/* End PBXFrameworksBuildPhase section */

/* Begin PBXGroup section */
		243AC681262A3A36006501EC = {
			isa = PBXGroup;
			children = (
				243AC68D262A3A36006501EC /* AEPPlaces */,
				243DB0E7263CC4C100EF7956 /* PlacesTestApp */,
				243DB15F2649930900EF7956 /* PlacesTestApp_objc */,
				243AC68C262A3A36006501EC /* Products */,
				F1D841CB58F5E60FD937E973 /* Pods */,
				DF5EB3AD0F6BA7612343B983 /* Frameworks */,
			);
			sourceTree = "<group>";
		};
		243AC68C262A3A36006501EC /* Products */ = {
			isa = PBXGroup;
			children = (
				243AC68B262A3A36006501EC /* AEPPlaces.framework */,
				243AC694262A3A37006501EC /* AEPPlacesTests.xctest */,
				243DB0E6263CC4C100EF7956 /* PlacesTestApp.app */,
				243DB15E2649930900EF7956 /* PlacesTestApp_objc.app */,
			);
			name = Products;
			sourceTree = "<group>";
		};
		243AC68D262A3A36006501EC /* AEPPlaces */ = {
			isa = PBXGroup;
			children = (
				243AC6BF262A3F72006501EC /* Sources */,
				243AC6C6262A3F8B006501EC /* Tests */,
			);
			path = AEPPlaces;
			sourceTree = "<group>";
		};
		243AC6BF262A3F72006501EC /* Sources */ = {
			isa = PBXGroup;
			children = (
				243AC6C0262A3F72006501EC /* AEPPlaces.h */,
				24F2AED8265EACDD007C632F /* CLAccuracyAuthorization+Places.swift */,
				243AC7B32638D53D006501EC /* CLAuthorizationStatus+Places.swift */,
				243AC704262A4338006501EC /* Event+Places.swift */,
				243AC7B9263B16F3006501EC /* NamedCollectionDataStore+Places.swift */,
				243AC6E8262A41C0006501EC /* PlacesConfiguration.swift */,
				243AC6EC262A42E2006501EC /* PlacesConstants.swift */,
				243AC6F4262A4304006501EC /* PlacesLibrary.swift */,
				243AC6FC262A431E006501EC /* Places.swift */,
				243AC6F8262A4316006501EC /* Places+PublicApi.swift */,
				243AC70C262A4355006501EC /* Places+State.swift */,
				243AC75426334991006501EC /* PlacesQueryResponseCode.swift */,
				243AC700262A432B006501EC /* PlacesQueryService.swift */,
				243AC74E2633462A006501EC /* PlacesQueryServiceResult.swift */,
				243AC708262A4345006501EC /* PlacesRegionEvent.swift */,
				243AC6F0262A42FB006501EC /* PointOfInterest.swift */,
				243AC7AB263885CC006501EC /* SharedStateResult+Places.swift */,
			);
			path = Sources;
			sourceTree = "<group>";
		};
		243AC6C6262A3F8B006501EC /* Tests */ = {
			isa = PBXGroup;
			children = (
				243AC78626371FF2006501EC /* Assets */,
				243AC76626371C7A006501EC /* Utils */,
				24F2AEEE265EFA10007C632F /* CLAccuracyAuthorization+PlacesTests.swift */,
				243AC7BF263B656A006501EC /* CLAuthorizationStatus+PlacesTests.swift */,
				243AC714262A44EA006501EC /* Event+PlacesTests.swift */,
				243AC7C3263B65DD006501EC /* NamedCollectionDataStore+PlacesTests.swift */,
				243AC71F262A44F9006501EC /* PlacesConfigurationTests.swift */,
				243AC727262A4522006501EC /* PlacesLibraryTests.swift */,
				243AC6C7262A3F8B006501EC /* PlacesTests.swift */,
				243AC72B262A453D006501EC /* Places+PublicApiTests.swift */,
				243AC739262A4578006501EC /* Places+StateTests.swift */,
				243AC75A2633774E006501EC /* PlacesQueryResponseCodeTests.swift */,
				243AC731262A4553006501EC /* PlacesQueryServiceTests.swift */,
				243AC75E26337774006501EC /* PlacesQueryServiceResultTests.swift */,
				243AC735262A4564006501EC /* PlacesRegionEventTests.swift */,
				243AC723262A450D006501EC /* PointOfInterestTests.swift */,
				243AC7AF2638986F006501EC /* SharedStateResult+PlacesTests.swift */,
			);
			path = Tests;
			sourceTree = "<group>";
		};
		243AC76626371C7A006501EC /* Utils */ = {
			isa = PBXGroup;
			children = (
				2407DF64264F0741002B070F /* MockExtension.swift */,
				2407DF4E264C9396002B070F /* MockDataStore.swift */,
				2407DF4F264C9396002B070F /* MockNetworkServiceOverrider.swift */,
				2407DF5A264DC12E002B070F /* MockPlacesQueryService.swift */,
				243AC76726371C9E006501EC /* TestableExtensionRuntime.swift */,
				243AC78226371E6C006501EC /* TestableNetworkService.swift */,
			);
			path = Utils;
			sourceTree = "<group>";
		};
		243AC78626371FF2006501EC /* Assets */ = {
			isa = PBXGroup;
			children = (
				243AC7A326375EE7006501EC /* badJson.json */,
				243AC78F26372BC4006501EC /* noNearbyPoiInJson.json */,
				243AC79326372BC4006501EC /* noPlaces.json */,
				243AC79126372BC4006501EC /* noUserWithinPoiInJson.json */,
				243AC79026372BC4006501EC /* onePoiNearby.json */,
				243AC78D26372BC4006501EC /* onePoiUserWithin.json */,
				243AC79226372BC4006501EC /* onePoiUserWithinOneNearby.json */,
				243AC78E26372BC4006501EC /* twoPoiNearby.json */,
				243AC79426372BC4006501EC /* twoPoiUserWithin.json */,
			);
			path = Assets;
			sourceTree = "<group>";
		};
		243DB0E7263CC4C100EF7956 /* PlacesTestApp */ = {
			isa = PBXGroup;
			children = (
				243DB12D26447F6600EF7956 /* gpx */,
				243DB0E8263CC4C100EF7956 /* AppDelegate.swift */,
				243DB0EA263CC4C100EF7956 /* SceneDelegate.swift */,
				243DB0EC263CC4C100EF7956 /* ViewController.swift */,
				243DB0EE263CC4C100EF7956 /* Main.storyboard */,
				243DB0F1263CC4C500EF7956 /* Assets.xcassets */,
				243DB0F3263CC4C500EF7956 /* LaunchScreen.storyboard */,
				243DB0F6263CC4C500EF7956 /* Info.plist */,
			);
			name = PlacesTestApp;
			path = TestApps/PlacesTestApp;
			sourceTree = "<group>";
		};
		243DB12D26447F6600EF7956 /* gpx */ = {
			isa = PBXGroup;
			children = (
				243DB13126447FE800EF7956 /* AdobeLehi.gpx */,
				243DB13226447FE800EF7956 /* AdobeSanJose.gpx */,
			);
			path = gpx;
			sourceTree = "<group>";
		};
		243DB15F2649930900EF7956 /* PlacesTestApp_objc */ = {
			isa = PBXGroup;
			children = (
				243DB1602649930900EF7956 /* AppDelegate.h */,
				243DB1612649930900EF7956 /* AppDelegate.m */,
				243DB1632649930900EF7956 /* SceneDelegate.h */,
				243DB1642649930900EF7956 /* SceneDelegate.m */,
				243DB1662649930900EF7956 /* ViewController.h */,
				243DB1672649930900EF7956 /* ViewController.m */,
				243DB1692649930900EF7956 /* Main.storyboard */,
				243DB16C2649930D00EF7956 /* Assets.xcassets */,
				243DB16E2649930D00EF7956 /* LaunchScreen.storyboard */,
				243DB1712649930D00EF7956 /* Info.plist */,
				243DB1722649930D00EF7956 /* main.m */,
			);
			name = PlacesTestApp_objc;
			path = TestApps/PlacesTestApp_objc;
			sourceTree = "<group>";
		};
		DF5EB3AD0F6BA7612343B983 /* Frameworks */ = {
			isa = PBXGroup;
			children = (
				0B564B4991C7921C27904C90 /* Pods_AEPPlaces.framework */,
				E23679BD14AB1EC601C35131 /* Pods_AEPPlacesTests.framework */,
				78DA43E9E97ADBA80419F896 /* Pods_PlacesTestApp.framework */,
				CF43F7AEBCA88F7C7D5F7F13 /* Pods_PlacesTestApp_objc.framework */,
			);
			name = Frameworks;
			sourceTree = "<group>";
		};
		F1D841CB58F5E60FD937E973 /* Pods */ = {
			isa = PBXGroup;
			children = (
				F3992AC0FCB3C573B131885F /* Pods-AEPPlaces.debug.xcconfig */,
				6B49742CE92BC0602C8E1C39 /* Pods-AEPPlaces.release.xcconfig */,
				30BB65E08B61F324815FE3CB /* Pods-AEPPlacesTests.debug.xcconfig */,
				EB545F55501D04EF2DC63AED /* Pods-AEPPlacesTests.release.xcconfig */,
				B502F6DDDF502986565AC301 /* Pods-PlacesTestApp.debug.xcconfig */,
				0DF0DA3F1EFC247D845A0CD6 /* Pods-PlacesTestApp.release.xcconfig */,
				7EA8C982DA1B97E2E93F8C3F /* Pods-PlacesTestApp_objc.debug.xcconfig */,
				4DDA71EA0D7698085205ABC0 /* Pods-PlacesTestApp_objc.release.xcconfig */,
			);
			path = Pods;
			sourceTree = "<group>";
		};
/* End PBXGroup section */

/* Begin PBXHeadersBuildPhase section */
		243AC686262A3A36006501EC /* Headers */ = {
			isa = PBXHeadersBuildPhase;
			buildActionMask = 2147483647;
			files = (
				243AC6C2262A3F72006501EC /* AEPPlaces.h in Headers */,
			);
			runOnlyForDeploymentPostprocessing = 0;
		};
/* End PBXHeadersBuildPhase section */

/* Begin PBXNativeTarget section */
		243AC68A262A3A36006501EC /* AEPPlaces */ = {
			isa = PBXNativeTarget;
			buildConfigurationList = 243AC69F262A3A37006501EC /* Build configuration list for PBXNativeTarget "AEPPlaces" */;
			buildPhases = (
				AABF9E3EE56C853CBE642008 /* [CP] Check Pods Manifest.lock */,
				243AC686262A3A36006501EC /* Headers */,
				243AC687262A3A36006501EC /* Sources */,
				243AC688262A3A36006501EC /* Frameworks */,
				243AC689262A3A36006501EC /* Resources */,
			);
			buildRules = (
			);
			dependencies = (
			);
			name = AEPPlaces;
			productName = AEPPlaces;
			productReference = 243AC68B262A3A36006501EC /* AEPPlaces.framework */;
			productType = "com.apple.product-type.framework";
		};
		243AC693262A3A37006501EC /* AEPPlacesTests */ = {
			isa = PBXNativeTarget;
			buildConfigurationList = 243AC6A2262A3A37006501EC /* Build configuration list for PBXNativeTarget "AEPPlacesTests" */;
			buildPhases = (
				8A12A741FA9B51CC59964549 /* [CP] Check Pods Manifest.lock */,
				243AC690262A3A37006501EC /* Sources */,
				243AC691262A3A37006501EC /* Frameworks */,
				243AC692262A3A37006501EC /* Resources */,
				FBFD24CBCCE6A000E679E943 /* [CP] Embed Pods Frameworks */,
			);
			buildRules = (
			);
			dependencies = (
				243AC697262A3A37006501EC /* PBXTargetDependency */,
			);
			name = AEPPlacesTests;
			productName = AEPPlacesTests;
			productReference = 243AC694262A3A37006501EC /* AEPPlacesTests.xctest */;
			productType = "com.apple.product-type.bundle.unit-test";
		};
		243DB0E5263CC4C100EF7956 /* PlacesTestApp */ = {
			isa = PBXNativeTarget;
			buildConfigurationList = 243DB0F9263CC4C500EF7956 /* Build configuration list for PBXNativeTarget "PlacesTestApp" */;
			buildPhases = (
				B88D27C7AE2154D5D057FE85 /* [CP] Check Pods Manifest.lock */,
				243DB0E2263CC4C100EF7956 /* Sources */,
				243DB0E3263CC4C100EF7956 /* Frameworks */,
				243DB0E4263CC4C100EF7956 /* Resources */,
				7517AE1897FE8BE5F92A350B /* [CP] Embed Pods Frameworks */,
			);
			buildRules = (
			);
			dependencies = (
				243DB11D263CC77900EF7956 /* PBXTargetDependency */,
			);
			name = PlacesTestApp;
			productName = PlacesTestApp;
			productReference = 243DB0E6263CC4C100EF7956 /* PlacesTestApp.app */;
			productType = "com.apple.product-type.application";
		};
		243DB15D2649930900EF7956 /* PlacesTestApp_objc */ = {
			isa = PBXNativeTarget;
			buildConfigurationList = 243DB1762649930D00EF7956 /* Build configuration list for PBXNativeTarget "PlacesTestApp_objc" */;
			buildPhases = (
				7F67D53B2C5E5CF25339DED1 /* [CP] Check Pods Manifest.lock */,
				243DB15A2649930900EF7956 /* Sources */,
				243DB15B2649930900EF7956 /* Frameworks */,
				243DB15C2649930900EF7956 /* Resources */,
				06770B7E868267522DD5E31E /* [CP] Embed Pods Frameworks */,
			);
			buildRules = (
			);
			dependencies = (
				243DB19426499C9200EF7956 /* PBXTargetDependency */,
			);
			name = PlacesTestApp_objc;
			productName = PlacesTestApp_objc;
			productReference = 243DB15E2649930900EF7956 /* PlacesTestApp_objc.app */;
			productType = "com.apple.product-type.application";
		};
/* End PBXNativeTarget section */

/* Begin PBXProject section */
		243AC682262A3A36006501EC /* Project object */ = {
			isa = PBXProject;
			attributes = {
				LastSwiftUpdateCheck = 1230;
				LastUpgradeCheck = 1230;
				TargetAttributes = {
					2407DFA326531062002B070F = {
						CreatedOnToolsVersion = 12.3;
					};
					243AC68A262A3A36006501EC = {
						CreatedOnToolsVersion = 12.3;
						LastSwiftMigration = 1230;
					};
					243AC693262A3A37006501EC = {
						CreatedOnToolsVersion = 12.3;
					};
					243DB0E5263CC4C100EF7956 = {
						CreatedOnToolsVersion = 12.3;
					};
					243DB15D2649930900EF7956 = {
						CreatedOnToolsVersion = 12.3;
					};
				};
			};
			buildConfigurationList = 243AC685262A3A36006501EC /* Build configuration list for PBXProject "AEPPlaces" */;
			compatibilityVersion = "Xcode 9.3";
			developmentRegion = en;
			hasScannedForEncodings = 0;
			knownRegions = (
				en,
				Base,
			);
			mainGroup = 243AC681262A3A36006501EC;
			productRefGroup = 243AC68C262A3A36006501EC /* Products */;
			projectDirPath = "";
			projectRoot = "";
			targets = (
				243AC68A262A3A36006501EC /* AEPPlaces */,
				243AC693262A3A37006501EC /* AEPPlacesTests */,
				243DB0E5263CC4C100EF7956 /* PlacesTestApp */,
				243DB15D2649930900EF7956 /* PlacesTestApp_objc */,
				2407DFA326531062002B070F /* AEPPlacesXCF */,
			);
		};
/* End PBXProject section */

/* Begin PBXResourcesBuildPhase section */
		243AC689262A3A36006501EC /* Resources */ = {
			isa = PBXResourcesBuildPhase;
			buildActionMask = 2147483647;
			files = (
			);
			runOnlyForDeploymentPostprocessing = 0;
		};
		243AC692262A3A37006501EC /* Resources */ = {
			isa = PBXResourcesBuildPhase;
			buildActionMask = 2147483647;
			files = (
				243AC79626372BC4006501EC /* twoPoiNearby.json in Resources */,
				243AC79926372BC4006501EC /* noUserWithinPoiInJson.json in Resources */,
				243AC79C26372BC4006501EC /* twoPoiUserWithin.json in Resources */,
				243AC79B26372BC4006501EC /* noPlaces.json in Resources */,
				243AC79A26372BC4006501EC /* onePoiUserWithinOneNearby.json in Resources */,
				243AC79726372BC4006501EC /* noNearbyPoiInJson.json in Resources */,
				243AC7A426375EE7006501EC /* badJson.json in Resources */,
				243AC79826372BC4006501EC /* onePoiNearby.json in Resources */,
				243AC79526372BC4006501EC /* onePoiUserWithin.json in Resources */,
			);
			runOnlyForDeploymentPostprocessing = 0;
		};
		243DB0E4263CC4C100EF7956 /* Resources */ = {
			isa = PBXResourcesBuildPhase;
			buildActionMask = 2147483647;
			files = (
				243DB0F5263CC4C500EF7956 /* LaunchScreen.storyboard in Resources */,
				243DB13426447FE900EF7956 /* AdobeSanJose.gpx in Resources */,
				243DB0F2263CC4C500EF7956 /* Assets.xcassets in Resources */,
				243DB0F0263CC4C100EF7956 /* Main.storyboard in Resources */,
				243DB13326447FE900EF7956 /* AdobeLehi.gpx in Resources */,
			);
			runOnlyForDeploymentPostprocessing = 0;
		};
		243DB15C2649930900EF7956 /* Resources */ = {
			isa = PBXResourcesBuildPhase;
			buildActionMask = 2147483647;
			files = (
				243DB1702649930D00EF7956 /* LaunchScreen.storyboard in Resources */,
				243DB16D2649930D00EF7956 /* Assets.xcassets in Resources */,
				243DB16B2649930900EF7956 /* Main.storyboard in Resources */,
			);
			runOnlyForDeploymentPostprocessing = 0;
		};
/* End PBXResourcesBuildPhase section */

/* Begin PBXShellScriptBuildPhase section */
		06770B7E868267522DD5E31E /* [CP] Embed Pods Frameworks */ = {
			isa = PBXShellScriptBuildPhase;
			buildActionMask = 2147483647;
			files = (
			);
			inputFileListPaths = (
				"${PODS_ROOT}/Target Support Files/Pods-PlacesTestApp_objc/Pods-PlacesTestApp_objc-frameworks-${CONFIGURATION}-input-files.xcfilelist",
			);
			name = "[CP] Embed Pods Frameworks";
			outputFileListPaths = (
				"${PODS_ROOT}/Target Support Files/Pods-PlacesTestApp_objc/Pods-PlacesTestApp_objc-frameworks-${CONFIGURATION}-output-files.xcfilelist",
			);
			runOnlyForDeploymentPostprocessing = 0;
			shellPath = /bin/sh;
			shellScript = "\"${PODS_ROOT}/Target Support Files/Pods-PlacesTestApp_objc/Pods-PlacesTestApp_objc-frameworks.sh\"\n";
			showEnvVarsInLog = 0;
		};
		7517AE1897FE8BE5F92A350B /* [CP] Embed Pods Frameworks */ = {
			isa = PBXShellScriptBuildPhase;
			buildActionMask = 2147483647;
			files = (
			);
			inputFileListPaths = (
				"${PODS_ROOT}/Target Support Files/Pods-PlacesTestApp/Pods-PlacesTestApp-frameworks-${CONFIGURATION}-input-files.xcfilelist",
			);
			name = "[CP] Embed Pods Frameworks";
			outputFileListPaths = (
				"${PODS_ROOT}/Target Support Files/Pods-PlacesTestApp/Pods-PlacesTestApp-frameworks-${CONFIGURATION}-output-files.xcfilelist",
			);
			runOnlyForDeploymentPostprocessing = 0;
			shellPath = /bin/sh;
			shellScript = "\"${PODS_ROOT}/Target Support Files/Pods-PlacesTestApp/Pods-PlacesTestApp-frameworks.sh\"\n";
			showEnvVarsInLog = 0;
		};
		7F67D53B2C5E5CF25339DED1 /* [CP] Check Pods Manifest.lock */ = {
			isa = PBXShellScriptBuildPhase;
			buildActionMask = 2147483647;
			files = (
			);
			inputFileListPaths = (
			);
			inputPaths = (
				"${PODS_PODFILE_DIR_PATH}/Podfile.lock",
				"${PODS_ROOT}/Manifest.lock",
			);
			name = "[CP] Check Pods Manifest.lock";
			outputFileListPaths = (
			);
			outputPaths = (
				"$(DERIVED_FILE_DIR)/Pods-PlacesTestApp_objc-checkManifestLockResult.txt",
			);
			runOnlyForDeploymentPostprocessing = 0;
			shellPath = /bin/sh;
			shellScript = "diff \"${PODS_PODFILE_DIR_PATH}/Podfile.lock\" \"${PODS_ROOT}/Manifest.lock\" > /dev/null\nif [ $? != 0 ] ; then\n    # print error to STDERR\n    echo \"error: The sandbox is not in sync with the Podfile.lock. Run 'pod install' or update your CocoaPods installation.\" >&2\n    exit 1\nfi\n# This output is used by Xcode 'outputs' to avoid re-running this script phase.\necho \"SUCCESS\" > \"${SCRIPT_OUTPUT_FILE_0}\"\n";
			showEnvVarsInLog = 0;
		};
		8A12A741FA9B51CC59964549 /* [CP] Check Pods Manifest.lock */ = {
			isa = PBXShellScriptBuildPhase;
			buildActionMask = 2147483647;
			files = (
			);
			inputFileListPaths = (
			);
			inputPaths = (
				"${PODS_PODFILE_DIR_PATH}/Podfile.lock",
				"${PODS_ROOT}/Manifest.lock",
			);
			name = "[CP] Check Pods Manifest.lock";
			outputFileListPaths = (
			);
			outputPaths = (
				"$(DERIVED_FILE_DIR)/Pods-AEPPlacesTests-checkManifestLockResult.txt",
			);
			runOnlyForDeploymentPostprocessing = 0;
			shellPath = /bin/sh;
			shellScript = "diff \"${PODS_PODFILE_DIR_PATH}/Podfile.lock\" \"${PODS_ROOT}/Manifest.lock\" > /dev/null\nif [ $? != 0 ] ; then\n    # print error to STDERR\n    echo \"error: The sandbox is not in sync with the Podfile.lock. Run 'pod install' or update your CocoaPods installation.\" >&2\n    exit 1\nfi\n# This output is used by Xcode 'outputs' to avoid re-running this script phase.\necho \"SUCCESS\" > \"${SCRIPT_OUTPUT_FILE_0}\"\n";
			showEnvVarsInLog = 0;
		};
		AABF9E3EE56C853CBE642008 /* [CP] Check Pods Manifest.lock */ = {
			isa = PBXShellScriptBuildPhase;
			buildActionMask = 2147483647;
			files = (
			);
			inputFileListPaths = (
			);
			inputPaths = (
				"${PODS_PODFILE_DIR_PATH}/Podfile.lock",
				"${PODS_ROOT}/Manifest.lock",
			);
			name = "[CP] Check Pods Manifest.lock";
			outputFileListPaths = (
			);
			outputPaths = (
				"$(DERIVED_FILE_DIR)/Pods-AEPPlaces-checkManifestLockResult.txt",
			);
			runOnlyForDeploymentPostprocessing = 0;
			shellPath = /bin/sh;
			shellScript = "diff \"${PODS_PODFILE_DIR_PATH}/Podfile.lock\" \"${PODS_ROOT}/Manifest.lock\" > /dev/null\nif [ $? != 0 ] ; then\n    # print error to STDERR\n    echo \"error: The sandbox is not in sync with the Podfile.lock. Run 'pod install' or update your CocoaPods installation.\" >&2\n    exit 1\nfi\n# This output is used by Xcode 'outputs' to avoid re-running this script phase.\necho \"SUCCESS\" > \"${SCRIPT_OUTPUT_FILE_0}\"\n";
			showEnvVarsInLog = 0;
		};
		B88D27C7AE2154D5D057FE85 /* [CP] Check Pods Manifest.lock */ = {
			isa = PBXShellScriptBuildPhase;
			buildActionMask = 2147483647;
			files = (
			);
			inputFileListPaths = (
			);
			inputPaths = (
				"${PODS_PODFILE_DIR_PATH}/Podfile.lock",
				"${PODS_ROOT}/Manifest.lock",
			);
			name = "[CP] Check Pods Manifest.lock";
			outputFileListPaths = (
			);
			outputPaths = (
				"$(DERIVED_FILE_DIR)/Pods-PlacesTestApp-checkManifestLockResult.txt",
			);
			runOnlyForDeploymentPostprocessing = 0;
			shellPath = /bin/sh;
			shellScript = "diff \"${PODS_PODFILE_DIR_PATH}/Podfile.lock\" \"${PODS_ROOT}/Manifest.lock\" > /dev/null\nif [ $? != 0 ] ; then\n    # print error to STDERR\n    echo \"error: The sandbox is not in sync with the Podfile.lock. Run 'pod install' or update your CocoaPods installation.\" >&2\n    exit 1\nfi\n# This output is used by Xcode 'outputs' to avoid re-running this script phase.\necho \"SUCCESS\" > \"${SCRIPT_OUTPUT_FILE_0}\"\n";
			showEnvVarsInLog = 0;
		};
		FBFD24CBCCE6A000E679E943 /* [CP] Embed Pods Frameworks */ = {
			isa = PBXShellScriptBuildPhase;
			buildActionMask = 2147483647;
			files = (
			);
			inputFileListPaths = (
				"${PODS_ROOT}/Target Support Files/Pods-AEPPlacesTests/Pods-AEPPlacesTests-frameworks-${CONFIGURATION}-input-files.xcfilelist",
			);
			name = "[CP] Embed Pods Frameworks";
			outputFileListPaths = (
				"${PODS_ROOT}/Target Support Files/Pods-AEPPlacesTests/Pods-AEPPlacesTests-frameworks-${CONFIGURATION}-output-files.xcfilelist",
			);
			runOnlyForDeploymentPostprocessing = 0;
			shellPath = /bin/sh;
			shellScript = "\"${PODS_ROOT}/Target Support Files/Pods-AEPPlacesTests/Pods-AEPPlacesTests-frameworks.sh\"\n";
			showEnvVarsInLog = 0;
		};
/* End PBXShellScriptBuildPhase section */

/* Begin PBXSourcesBuildPhase section */
		243AC687262A3A36006501EC /* Sources */ = {
			isa = PBXSourcesBuildPhase;
			buildActionMask = 2147483647;
			files = (
				24F2AED9265EACDE007C632F /* CLAccuracyAuthorization+Places.swift in Sources */,
				243AC6F9262A4316006501EC /* Places+PublicApi.swift in Sources */,
				243AC6E9262A41C0006501EC /* PlacesConfiguration.swift in Sources */,
				243AC7BA263B16F3006501EC /* NamedCollectionDataStore+Places.swift in Sources */,
				243AC705262A4338006501EC /* Event+Places.swift in Sources */,
				243AC70D262A4355006501EC /* Places+State.swift in Sources */,
				243AC75526334991006501EC /* PlacesQueryResponseCode.swift in Sources */,
				243AC709262A4345006501EC /* PlacesRegionEvent.swift in Sources */,
				243AC6ED262A42E2006501EC /* PlacesConstants.swift in Sources */,
				243AC6F1262A42FB006501EC /* PointOfInterest.swift in Sources */,
				243AC6F5262A4304006501EC /* PlacesLibrary.swift in Sources */,
				243AC74F2633462B006501EC /* PlacesQueryServiceResult.swift in Sources */,
				243AC7AC263885CD006501EC /* SharedStateResult+Places.swift in Sources */,
				243AC701262A432B006501EC /* PlacesQueryService.swift in Sources */,
				243AC6FD262A431E006501EC /* Places.swift in Sources */,
				243AC7B42638D53D006501EC /* CLAuthorizationStatus+Places.swift in Sources */,
			);
			runOnlyForDeploymentPostprocessing = 0;
		};
		243AC690262A3A37006501EC /* Sources */ = {
			isa = PBXSourcesBuildPhase;
			buildActionMask = 2147483647;
			files = (
				2407DF5B264DC12E002B070F /* MockPlacesQueryService.swift in Sources */,
				243AC736262A4564006501EC /* PlacesRegionEventTests.swift in Sources */,
				243AC720262A44F9006501EC /* PlacesConfigurationTests.swift in Sources */,
				243AC72C262A453D006501EC /* Places+PublicApiTests.swift in Sources */,
				2407DF51264C9396002B070F /* MockNetworkServiceOverrider.swift in Sources */,
				243AC7C4263B65DD006501EC /* NamedCollectionDataStore+PlacesTests.swift in Sources */,
				243AC78326371E6C006501EC /* TestableNetworkService.swift in Sources */,
				243AC73A262A4578006501EC /* Places+StateTests.swift in Sources */,
				243AC728262A4522006501EC /* PlacesLibraryTests.swift in Sources */,
				2407DF65264F0741002B070F /* MockExtension.swift in Sources */,
				243AC715262A44EA006501EC /* Event+PlacesTests.swift in Sources */,
				243AC7C0263B656B006501EC /* CLAuthorizationStatus+PlacesTests.swift in Sources */,
				243AC76826371C9E006501EC /* TestableExtensionRuntime.swift in Sources */,
				243AC75B2633774F006501EC /* PlacesQueryResponseCodeTests.swift in Sources */,
				243AC75F26337774006501EC /* PlacesQueryServiceResultTests.swift in Sources */,
				243AC724262A450D006501EC /* PointOfInterestTests.swift in Sources */,
				243AC6C9262A3F8B006501EC /* PlacesTests.swift in Sources */,
				24F2AEEF265EFA10007C632F /* CLAccuracyAuthorization+PlacesTests.swift in Sources */,
				2407DF50264C9396002B070F /* MockDataStore.swift in Sources */,
				243AC732262A4553006501EC /* PlacesQueryServiceTests.swift in Sources */,
				243AC7B026389870006501EC /* SharedStateResult+PlacesTests.swift in Sources */,
			);
			runOnlyForDeploymentPostprocessing = 0;
		};
		243DB0E2263CC4C100EF7956 /* Sources */ = {
			isa = PBXSourcesBuildPhase;
			buildActionMask = 2147483647;
			files = (
				243DB0ED263CC4C100EF7956 /* ViewController.swift in Sources */,
				243DB0E9263CC4C100EF7956 /* AppDelegate.swift in Sources */,
				243DB0EB263CC4C100EF7956 /* SceneDelegate.swift in Sources */,
			);
			runOnlyForDeploymentPostprocessing = 0;
		};
		243DB15A2649930900EF7956 /* Sources */ = {
			isa = PBXSourcesBuildPhase;
			buildActionMask = 2147483647;
			files = (
				243DB1682649930900EF7956 /* ViewController.m in Sources */,
				243DB1622649930900EF7956 /* AppDelegate.m in Sources */,
				243DB1732649930D00EF7956 /* main.m in Sources */,
				243DB1652649930900EF7956 /* SceneDelegate.m in Sources */,
			);
			runOnlyForDeploymentPostprocessing = 0;
		};
/* End PBXSourcesBuildPhase section */

/* Begin PBXTargetDependency section */
		2407DFAD26531069002B070F /* PBXTargetDependency */ = {
			isa = PBXTargetDependency;
			target = 243AC68A262A3A36006501EC /* AEPPlaces */;
			targetProxy = 2407DFAC26531069002B070F /* PBXContainerItemProxy */;
		};
		243AC697262A3A37006501EC /* PBXTargetDependency */ = {
			isa = PBXTargetDependency;
			target = 243AC68A262A3A36006501EC /* AEPPlaces */;
			targetProxy = 243AC696262A3A37006501EC /* PBXContainerItemProxy */;
		};
		243DB11D263CC77900EF7956 /* PBXTargetDependency */ = {
			isa = PBXTargetDependency;
			target = 243AC68A262A3A36006501EC /* AEPPlaces */;
			targetProxy = 243DB11C263CC77900EF7956 /* PBXContainerItemProxy */;
		};
		243DB19426499C9200EF7956 /* PBXTargetDependency */ = {
			isa = PBXTargetDependency;
			target = 243AC68A262A3A36006501EC /* AEPPlaces */;
			targetProxy = 243DB19326499C9200EF7956 /* PBXContainerItemProxy */;
		};
/* End PBXTargetDependency section */

/* Begin PBXVariantGroup section */
		243DB0EE263CC4C100EF7956 /* Main.storyboard */ = {
			isa = PBXVariantGroup;
			children = (
				243DB0EF263CC4C100EF7956 /* Base */,
			);
			name = Main.storyboard;
			sourceTree = "<group>";
		};
		243DB0F3263CC4C500EF7956 /* LaunchScreen.storyboard */ = {
			isa = PBXVariantGroup;
			children = (
				243DB0F4263CC4C500EF7956 /* Base */,
			);
			name = LaunchScreen.storyboard;
			sourceTree = "<group>";
		};
		243DB1692649930900EF7956 /* Main.storyboard */ = {
			isa = PBXVariantGroup;
			children = (
				243DB16A2649930900EF7956 /* Base */,
			);
			name = Main.storyboard;
			sourceTree = "<group>";
		};
		243DB16E2649930D00EF7956 /* LaunchScreen.storyboard */ = {
			isa = PBXVariantGroup;
			children = (
				243DB16F2649930D00EF7956 /* Base */,
			);
			name = LaunchScreen.storyboard;
			sourceTree = "<group>";
		};
/* End PBXVariantGroup section */

/* Begin XCBuildConfiguration section */
		2407DFA526531062002B070F /* Debug */ = {
			isa = XCBuildConfiguration;
			buildSettings = {
				CODE_SIGN_STYLE = Automatic;
				PRODUCT_NAME = "$(TARGET_NAME)";
			};
			name = Debug;
		};
		2407DFA626531062002B070F /* Release */ = {
			isa = XCBuildConfiguration;
			buildSettings = {
				CODE_SIGN_STYLE = Automatic;
				PRODUCT_NAME = "$(TARGET_NAME)";
			};
			name = Release;
		};
		243AC69D262A3A37006501EC /* Debug */ = {
			isa = XCBuildConfiguration;
			buildSettings = {
				ALWAYS_SEARCH_USER_PATHS = NO;
				CLANG_ANALYZER_NONNULL = YES;
				CLANG_ANALYZER_NUMBER_OBJECT_CONVERSION = YES_AGGRESSIVE;
				CLANG_CXX_LANGUAGE_STANDARD = "gnu++14";
				CLANG_CXX_LIBRARY = "libc++";
				CLANG_ENABLE_MODULES = YES;
				CLANG_ENABLE_OBJC_ARC = YES;
				CLANG_ENABLE_OBJC_WEAK = YES;
				CLANG_WARN_BLOCK_CAPTURE_AUTORELEASING = YES;
				CLANG_WARN_BOOL_CONVERSION = YES;
				CLANG_WARN_COMMA = YES;
				CLANG_WARN_CONSTANT_CONVERSION = YES;
				CLANG_WARN_DEPRECATED_OBJC_IMPLEMENTATIONS = YES;
				CLANG_WARN_DIRECT_OBJC_ISA_USAGE = YES_ERROR;
				CLANG_WARN_DOCUMENTATION_COMMENTS = YES;
				CLANG_WARN_EMPTY_BODY = YES;
				CLANG_WARN_ENUM_CONVERSION = YES;
				CLANG_WARN_INFINITE_RECURSION = YES;
				CLANG_WARN_INT_CONVERSION = YES;
				CLANG_WARN_NON_LITERAL_NULL_CONVERSION = YES;
				CLANG_WARN_OBJC_IMPLICIT_RETAIN_SELF = YES;
				CLANG_WARN_OBJC_LITERAL_CONVERSION = YES;
				CLANG_WARN_OBJC_ROOT_CLASS = YES_ERROR;
				CLANG_WARN_QUOTED_INCLUDE_IN_FRAMEWORK_HEADER = YES;
				CLANG_WARN_RANGE_LOOP_ANALYSIS = YES;
				CLANG_WARN_STRICT_PROTOTYPES = YES;
				CLANG_WARN_SUSPICIOUS_MOVE = YES;
				CLANG_WARN_UNGUARDED_AVAILABILITY = YES_AGGRESSIVE;
				CLANG_WARN_UNREACHABLE_CODE = YES;
				CLANG_WARN__DUPLICATE_METHOD_MATCH = YES;
				COPY_PHASE_STRIP = NO;
				CURRENT_PROJECT_VERSION = 1;
				DEBUG_INFORMATION_FORMAT = dwarf;
				ENABLE_STRICT_OBJC_MSGSEND = YES;
				ENABLE_TESTABILITY = YES;
				GCC_C_LANGUAGE_STANDARD = gnu11;
				GCC_DYNAMIC_NO_PIC = NO;
				GCC_NO_COMMON_BLOCKS = YES;
				GCC_OPTIMIZATION_LEVEL = 0;
				GCC_PREPROCESSOR_DEFINITIONS = (
					"DEBUG=1",
					"$(inherited)",
				);
				GCC_WARN_64_TO_32_BIT_CONVERSION = YES;
				GCC_WARN_ABOUT_RETURN_TYPE = YES_ERROR;
				GCC_WARN_UNDECLARED_SELECTOR = YES;
				GCC_WARN_UNINITIALIZED_AUTOS = YES_AGGRESSIVE;
				GCC_WARN_UNUSED_FUNCTION = YES;
				GCC_WARN_UNUSED_VARIABLE = YES;
				IPHONEOS_DEPLOYMENT_TARGET = 10.0;
				MTL_ENABLE_DEBUG_INFO = INCLUDE_SOURCE;
				MTL_FAST_MATH = YES;
				ONLY_ACTIVE_ARCH = YES;
				SDKROOT = iphoneos;
				SWIFT_ACTIVE_COMPILATION_CONDITIONS = DEBUG;
				SWIFT_OPTIMIZATION_LEVEL = "-Onone";
				VERSIONING_SYSTEM = "apple-generic";
				VERSION_INFO_PREFIX = "";
			};
			name = Debug;
		};
		243AC69E262A3A37006501EC /* Release */ = {
			isa = XCBuildConfiguration;
			buildSettings = {
				ALWAYS_SEARCH_USER_PATHS = NO;
				CLANG_ANALYZER_NONNULL = YES;
				CLANG_ANALYZER_NUMBER_OBJECT_CONVERSION = YES_AGGRESSIVE;
				CLANG_CXX_LANGUAGE_STANDARD = "gnu++14";
				CLANG_CXX_LIBRARY = "libc++";
				CLANG_ENABLE_MODULES = YES;
				CLANG_ENABLE_OBJC_ARC = YES;
				CLANG_ENABLE_OBJC_WEAK = YES;
				CLANG_WARN_BLOCK_CAPTURE_AUTORELEASING = YES;
				CLANG_WARN_BOOL_CONVERSION = YES;
				CLANG_WARN_COMMA = YES;
				CLANG_WARN_CONSTANT_CONVERSION = YES;
				CLANG_WARN_DEPRECATED_OBJC_IMPLEMENTATIONS = YES;
				CLANG_WARN_DIRECT_OBJC_ISA_USAGE = YES_ERROR;
				CLANG_WARN_DOCUMENTATION_COMMENTS = YES;
				CLANG_WARN_EMPTY_BODY = YES;
				CLANG_WARN_ENUM_CONVERSION = YES;
				CLANG_WARN_INFINITE_RECURSION = YES;
				CLANG_WARN_INT_CONVERSION = YES;
				CLANG_WARN_NON_LITERAL_NULL_CONVERSION = YES;
				CLANG_WARN_OBJC_IMPLICIT_RETAIN_SELF = YES;
				CLANG_WARN_OBJC_LITERAL_CONVERSION = YES;
				CLANG_WARN_OBJC_ROOT_CLASS = YES_ERROR;
				CLANG_WARN_QUOTED_INCLUDE_IN_FRAMEWORK_HEADER = YES;
				CLANG_WARN_RANGE_LOOP_ANALYSIS = YES;
				CLANG_WARN_STRICT_PROTOTYPES = YES;
				CLANG_WARN_SUSPICIOUS_MOVE = YES;
				CLANG_WARN_UNGUARDED_AVAILABILITY = YES_AGGRESSIVE;
				CLANG_WARN_UNREACHABLE_CODE = YES;
				CLANG_WARN__DUPLICATE_METHOD_MATCH = YES;
				COPY_PHASE_STRIP = NO;
				CURRENT_PROJECT_VERSION = 1;
				DEBUG_INFORMATION_FORMAT = "dwarf-with-dsym";
				ENABLE_NS_ASSERTIONS = NO;
				ENABLE_STRICT_OBJC_MSGSEND = YES;
				GCC_C_LANGUAGE_STANDARD = gnu11;
				GCC_NO_COMMON_BLOCKS = YES;
				GCC_WARN_64_TO_32_BIT_CONVERSION = YES;
				GCC_WARN_ABOUT_RETURN_TYPE = YES_ERROR;
				GCC_WARN_UNDECLARED_SELECTOR = YES;
				GCC_WARN_UNINITIALIZED_AUTOS = YES_AGGRESSIVE;
				GCC_WARN_UNUSED_FUNCTION = YES;
				GCC_WARN_UNUSED_VARIABLE = YES;
				IPHONEOS_DEPLOYMENT_TARGET = 10.0;
				MTL_ENABLE_DEBUG_INFO = NO;
				MTL_FAST_MATH = YES;
				SDKROOT = iphoneos;
				SWIFT_COMPILATION_MODE = wholemodule;
				SWIFT_OPTIMIZATION_LEVEL = "-O";
				VALIDATE_PRODUCT = YES;
				VERSIONING_SYSTEM = "apple-generic";
				VERSION_INFO_PREFIX = "";
			};
			name = Release;
		};
		243AC6A0262A3A37006501EC /* Debug */ = {
			isa = XCBuildConfiguration;
			baseConfigurationReference = F3992AC0FCB3C573B131885F /* Pods-AEPPlaces.debug.xcconfig */;
			buildSettings = {
				BUILD_LIBRARY_FOR_DISTRIBUTION = YES;
				CLANG_ENABLE_MODULES = YES;
				CODE_SIGN_STYLE = Automatic;
				DEFINES_MODULE = YES;
				DEVELOPMENT_TEAM = "";
				DYLIB_COMPATIBILITY_VERSION = 1;
				DYLIB_CURRENT_VERSION = 1;
				DYLIB_INSTALL_NAME_BASE = "@rpath";
				INFOPLIST_FILE = AEPPlaces/Sources/Info.plist;
				INSTALL_PATH = "$(LOCAL_LIBRARY_DIR)/Frameworks";
				IPHONEOS_DEPLOYMENT_TARGET = 10.0;
				LD_RUNPATH_SEARCH_PATHS = (
					"$(inherited)",
					"@executable_path/Frameworks",
					"@loader_path/Frameworks",
				);
				MARKETING_VERSION = 3.0.0;
				PRODUCT_BUNDLE_IDENTIFIER = com.adobe.aep.places;
				PRODUCT_NAME = "$(TARGET_NAME:c99extidentifier)";
				SKIP_INSTALL = YES;
				SUPPORTS_MACCATALYST = NO;
				SWIFT_OPTIMIZATION_LEVEL = "-Onone";
				SWIFT_VERSION = 5.0;
				TARGETED_DEVICE_FAMILY = "1,2";
			};
			name = Debug;
		};
		243AC6A1262A3A37006501EC /* Release */ = {
			isa = XCBuildConfiguration;
			baseConfigurationReference = 6B49742CE92BC0602C8E1C39 /* Pods-AEPPlaces.release.xcconfig */;
			buildSettings = {
				BUILD_LIBRARY_FOR_DISTRIBUTION = YES;
				CLANG_ENABLE_MODULES = YES;
				CODE_SIGN_STYLE = Automatic;
				DEFINES_MODULE = YES;
				DEVELOPMENT_TEAM = "";
				DYLIB_COMPATIBILITY_VERSION = 1;
				DYLIB_CURRENT_VERSION = 1;
				DYLIB_INSTALL_NAME_BASE = "@rpath";
				INFOPLIST_FILE = AEPPlaces/Sources/Info.plist;
				INSTALL_PATH = "$(LOCAL_LIBRARY_DIR)/Frameworks";
				IPHONEOS_DEPLOYMENT_TARGET = 10.0;
				LD_RUNPATH_SEARCH_PATHS = (
					"$(inherited)",
					"@executable_path/Frameworks",
					"@loader_path/Frameworks",
				);
				MARKETING_VERSION = 3.0.0;
				PRODUCT_BUNDLE_IDENTIFIER = com.adobe.aep.places;
				PRODUCT_NAME = "$(TARGET_NAME:c99extidentifier)";
				SKIP_INSTALL = YES;
				SUPPORTS_MACCATALYST = NO;
				SWIFT_VERSION = 5.0;
				TARGETED_DEVICE_FAMILY = "1,2";
			};
			name = Release;
		};
		243AC6A3262A3A37006501EC /* Debug */ = {
			isa = XCBuildConfiguration;
			baseConfigurationReference = 30BB65E08B61F324815FE3CB /* Pods-AEPPlacesTests.debug.xcconfig */;
			buildSettings = {
				CODE_SIGN_STYLE = Automatic;
				DEVELOPMENT_TEAM = U7WJX8Z527;
				INFOPLIST_FILE = AEPPlaces/Tests/Info.plist;
				LD_RUNPATH_SEARCH_PATHS = (
					"$(inherited)",
					"@executable_path/Frameworks",
					"@loader_path/Frameworks",
				);
				PRODUCT_BUNDLE_IDENTIFIER = com.adobe.aep.places.AEPPlacesTests;
				PRODUCT_NAME = "$(TARGET_NAME)";
				SWIFT_VERSION = 5.0;
				TARGETED_DEVICE_FAMILY = "1,2";
			};
			name = Debug;
		};
		243AC6A4262A3A37006501EC /* Release */ = {
			isa = XCBuildConfiguration;
			baseConfigurationReference = EB545F55501D04EF2DC63AED /* Pods-AEPPlacesTests.release.xcconfig */;
			buildSettings = {
				CODE_SIGN_STYLE = Automatic;
				DEVELOPMENT_TEAM = U7WJX8Z527;
				INFOPLIST_FILE = AEPPlaces/Tests/Info.plist;
				LD_RUNPATH_SEARCH_PATHS = (
					"$(inherited)",
					"@executable_path/Frameworks",
					"@loader_path/Frameworks",
				);
				PRODUCT_BUNDLE_IDENTIFIER = com.adobe.aep.places.AEPPlacesTests;
				PRODUCT_NAME = "$(TARGET_NAME)";
				SWIFT_VERSION = 5.0;
				TARGETED_DEVICE_FAMILY = "1,2";
			};
			name = Release;
		};
		243DB0F7263CC4C500EF7956 /* Debug */ = {
			isa = XCBuildConfiguration;
			baseConfigurationReference = B502F6DDDF502986565AC301 /* Pods-PlacesTestApp.debug.xcconfig */;
			buildSettings = {
				ASSETCATALOG_COMPILER_APPICON_NAME = AppIcon;
				ASSETCATALOG_COMPILER_GLOBAL_ACCENT_COLOR_NAME = AccentColor;
				CODE_SIGN_STYLE = Automatic;
				DEVELOPMENT_TEAM = U7WJX8Z527;
				INFOPLIST_FILE = TestApps/PlacesTestApp/Info.plist;
				IPHONEOS_DEPLOYMENT_TARGET = 10.0;
				LD_RUNPATH_SEARCH_PATHS = (
					"$(inherited)",
					"@executable_path/Frameworks",
				);
				PRODUCT_BUNDLE_IDENTIFIER = com.adobe.aep.places.PlacesTestApp;
				PRODUCT_NAME = "$(TARGET_NAME)";
				SWIFT_VERSION = 5.0;
				TARGETED_DEVICE_FAMILY = "1,2";
			};
			name = Debug;
		};
		243DB0F8263CC4C500EF7956 /* Release */ = {
			isa = XCBuildConfiguration;
			baseConfigurationReference = 0DF0DA3F1EFC247D845A0CD6 /* Pods-PlacesTestApp.release.xcconfig */;
			buildSettings = {
				ASSETCATALOG_COMPILER_APPICON_NAME = AppIcon;
				ASSETCATALOG_COMPILER_GLOBAL_ACCENT_COLOR_NAME = AccentColor;
				CODE_SIGN_STYLE = Automatic;
				DEVELOPMENT_TEAM = U7WJX8Z527;
				INFOPLIST_FILE = TestApps/PlacesTestApp/Info.plist;
				IPHONEOS_DEPLOYMENT_TARGET = 10.0;
				LD_RUNPATH_SEARCH_PATHS = (
					"$(inherited)",
					"@executable_path/Frameworks",
				);
				PRODUCT_BUNDLE_IDENTIFIER = com.adobe.aep.places.PlacesTestApp;
				PRODUCT_NAME = "$(TARGET_NAME)";
				SWIFT_VERSION = 5.0;
				TARGETED_DEVICE_FAMILY = "1,2";
			};
			name = Release;
		};
		243DB1742649930D00EF7956 /* Debug */ = {
			isa = XCBuildConfiguration;
			baseConfigurationReference = 7EA8C982DA1B97E2E93F8C3F /* Pods-PlacesTestApp_objc.debug.xcconfig */;
			buildSettings = {
				ALWAYS_EMBED_SWIFT_STANDARD_LIBRARIES = YES;
				ASSETCATALOG_COMPILER_APPICON_NAME = AppIcon;
				ASSETCATALOG_COMPILER_GLOBAL_ACCENT_COLOR_NAME = AccentColor;
				CODE_SIGN_STYLE = Automatic;
				DEVELOPMENT_TEAM = U7WJX8Z527;
				INFOPLIST_FILE = TestApps/PlacesTestApp_objc/Info.plist;
				IPHONEOS_DEPLOYMENT_TARGET = 10.0;
				LD_RUNPATH_SEARCH_PATHS = (
					"$(inherited)",
					"@executable_path/Frameworks",
				);
				PRODUCT_BUNDLE_IDENTIFIER = "com.adobe.aep.places.PlacesTestApp-objc";
				PRODUCT_NAME = "$(TARGET_NAME)";
				TARGETED_DEVICE_FAMILY = "1,2";
			};
			name = Debug;
		};
		243DB1752649930D00EF7956 /* Release */ = {
			isa = XCBuildConfiguration;
			baseConfigurationReference = 4DDA71EA0D7698085205ABC0 /* Pods-PlacesTestApp_objc.release.xcconfig */;
			buildSettings = {
				ALWAYS_EMBED_SWIFT_STANDARD_LIBRARIES = YES;
				ASSETCATALOG_COMPILER_APPICON_NAME = AppIcon;
				ASSETCATALOG_COMPILER_GLOBAL_ACCENT_COLOR_NAME = AccentColor;
				CODE_SIGN_STYLE = Automatic;
				DEVELOPMENT_TEAM = U7WJX8Z527;
				INFOPLIST_FILE = TestApps/PlacesTestApp_objc/Info.plist;
				IPHONEOS_DEPLOYMENT_TARGET = 10.0;
				LD_RUNPATH_SEARCH_PATHS = (
					"$(inherited)",
					"@executable_path/Frameworks",
				);
				PRODUCT_BUNDLE_IDENTIFIER = "com.adobe.aep.places.PlacesTestApp-objc";
				PRODUCT_NAME = "$(TARGET_NAME)";
				TARGETED_DEVICE_FAMILY = "1,2";
			};
			name = Release;
		};
/* End XCBuildConfiguration section */

/* Begin XCConfigurationList section */
		2407DFA426531062002B070F /* Build configuration list for PBXAggregateTarget "AEPPlacesXCF" */ = {
			isa = XCConfigurationList;
			buildConfigurations = (
				2407DFA526531062002B070F /* Debug */,
				2407DFA626531062002B070F /* Release */,
			);
			defaultConfigurationIsVisible = 0;
			defaultConfigurationName = Release;
		};
		243AC685262A3A36006501EC /* Build configuration list for PBXProject "AEPPlaces" */ = {
			isa = XCConfigurationList;
			buildConfigurations = (
				243AC69D262A3A37006501EC /* Debug */,
				243AC69E262A3A37006501EC /* Release */,
			);
			defaultConfigurationIsVisible = 0;
			defaultConfigurationName = Release;
		};
		243AC69F262A3A37006501EC /* Build configuration list for PBXNativeTarget "AEPPlaces" */ = {
			isa = XCConfigurationList;
			buildConfigurations = (
				243AC6A0262A3A37006501EC /* Debug */,
				243AC6A1262A3A37006501EC /* Release */,
			);
			defaultConfigurationIsVisible = 0;
			defaultConfigurationName = Release;
		};
		243AC6A2262A3A37006501EC /* Build configuration list for PBXNativeTarget "AEPPlacesTests" */ = {
			isa = XCConfigurationList;
			buildConfigurations = (
				243AC6A3262A3A37006501EC /* Debug */,
				243AC6A4262A3A37006501EC /* Release */,
			);
			defaultConfigurationIsVisible = 0;
			defaultConfigurationName = Release;
		};
		243DB0F9263CC4C500EF7956 /* Build configuration list for PBXNativeTarget "PlacesTestApp" */ = {
			isa = XCConfigurationList;
			buildConfigurations = (
				243DB0F7263CC4C500EF7956 /* Debug */,
				243DB0F8263CC4C500EF7956 /* Release */,
			);
			defaultConfigurationIsVisible = 0;
			defaultConfigurationName = Release;
		};
		243DB1762649930D00EF7956 /* Build configuration list for PBXNativeTarget "PlacesTestApp_objc" */ = {
			isa = XCConfigurationList;
			buildConfigurations = (
				243DB1742649930D00EF7956 /* Debug */,
				243DB1752649930D00EF7956 /* Release */,
			);
			defaultConfigurationIsVisible = 0;
			defaultConfigurationName = Release;
		};
/* End XCConfigurationList section */
	};
	rootObject = 243AC682262A3A36006501EC /* Project object */;
}
